// !$*UTF8*$!
{
	archiveVersion = 1;
	classes = {
	};
	objectVersion = 55;
	objects = {

/* Begin PBXBuildFile section */
		8424E1942820953A008FBF03 /* AppDelegate.swift in Sources */ = {isa = PBXBuildFile; fileRef = 8424E1932820953A008FBF03 /* AppDelegate.swift */; };
		8424E1962820953A008FBF03 /* SceneDelegate.swift in Sources */ = {isa = PBXBuildFile; fileRef = 8424E1952820953A008FBF03 /* SceneDelegate.swift */; };
		8424E1982820953A008FBF03 /* ViewController.swift in Sources */ = {isa = PBXBuildFile; fileRef = 8424E1972820953A008FBF03 /* ViewController.swift */; };
		8424E19B2820953A008FBF03 /* Main.storyboard in Resources */ = {isa = PBXBuildFile; fileRef = 8424E1992820953A008FBF03 /* Main.storyboard */; };
		8424E19D2820953C008FBF03 /* Assets.xcassets in Resources */ = {isa = PBXBuildFile; fileRef = 8424E19C2820953C008FBF03 /* Assets.xcassets */; };
		8424E1A02820953C008FBF03 /* LaunchScreen.storyboard in Resources */ = {isa = PBXBuildFile; fileRef = 8424E19E2820953C008FBF03 /* LaunchScreen.storyboard */; };
		8424E1AB2820953D008FBF03 /* ImageGalleryApplicationTests.swift in Sources */ = {isa = PBXBuildFile; fileRef = 8424E1AA2820953D008FBF03 /* ImageGalleryApplicationTests.swift */; };
		8424E1B52820953D008FBF03 /* ImageGalleryApplicationUITests.swift in Sources */ = {isa = PBXBuildFile; fileRef = 8424E1B42820953D008FBF03 /* ImageGalleryApplicationUITests.swift */; };
		8424E1B72820953D008FBF03 /* ImageGalleryApplicationUITestsLaunchTests.swift in Sources */ = {isa = PBXBuildFile; fileRef = 8424E1B62820953D008FBF03 /* ImageGalleryApplicationUITestsLaunchTests.swift */; };
		8424E1C82820A80A008FBF03 /* ImageEntity.swift in Sources */ = {isa = PBXBuildFile; fileRef = 8424E1C72820A80A008FBF03 /* ImageEntity.swift */; };
		8424E1CA2820A832008FBF03 /* ImageDetail.swift in Sources */ = {isa = PBXBuildFile; fileRef = 8424E1C92820A832008FBF03 /* ImageDetail.swift */; };
		8424E1CD2820AC8F008FBF03 /* NetworkManager.swift in Sources */ = {isa = PBXBuildFile; fileRef = 8424E1CC2820AC8F008FBF03 /* NetworkManager.swift */; };
		8424E1CF2820ACF8008FBF03 /* APIURLs.swift in Sources */ = {isa = PBXBuildFile; fileRef = 8424E1CE2820ACF8008FBF03 /* APIURLs.swift */; };
		8424E1D12820AD1E008FBF03 /* Request.swift in Sources */ = {isa = PBXBuildFile; fileRef = 8424E1D02820AD1E008FBF03 /* Request.swift */; };
		8424E1D32820ADBA008FBF03 /* ImageDownLoaderService.swift in Sources */ = {isa = PBXBuildFile; fileRef = 8424E1D22820ADBA008FBF03 /* ImageDownLoaderService.swift */; };
		8424E1D62820AEAD008FBF03 /* ImageSearchViewModel.swift in Sources */ = {isa = PBXBuildFile; fileRef = 8424E1D52820AEAD008FBF03 /* ImageSearchViewModel.swift */; };
		8424E1D92820B04D008FBF03 /* MainCoordinator.swift in Sources */ = {isa = PBXBuildFile; fileRef = 8424E1D82820B04D008FBF03 /* MainCoordinator.swift */; };
/* End PBXBuildFile section */

/* Begin PBXContainerItemProxy section */
		8424E1A72820953C008FBF03 /* PBXContainerItemProxy */ = {
			isa = PBXContainerItemProxy;
			containerPortal = 8424E1882820953A008FBF03 /* Project object */;
			proxyType = 1;
			remoteGlobalIDString = 8424E18F2820953A008FBF03;
			remoteInfo = ImageGalleryApplication;
		};
		8424E1B12820953D008FBF03 /* PBXContainerItemProxy */ = {
			isa = PBXContainerItemProxy;
			containerPortal = 8424E1882820953A008FBF03 /* Project object */;
			proxyType = 1;
			remoteGlobalIDString = 8424E18F2820953A008FBF03;
			remoteInfo = ImageGalleryApplication;
		};
/* End PBXContainerItemProxy section */

/* Begin PBXFileReference section */
		8424E1902820953A008FBF03 /* ImageGalleryApplication.app */ = {isa = PBXFileReference; explicitFileType = wrapper.application; includeInIndex = 0; path = ImageGalleryApplication.app; sourceTree = BUILT_PRODUCTS_DIR; };
		8424E1932820953A008FBF03 /* AppDelegate.swift */ = {isa = PBXFileReference; lastKnownFileType = sourcecode.swift; path = AppDelegate.swift; sourceTree = "<group>"; };
		8424E1952820953A008FBF03 /* SceneDelegate.swift */ = {isa = PBXFileReference; lastKnownFileType = sourcecode.swift; path = SceneDelegate.swift; sourceTree = "<group>"; };
		8424E1972820953A008FBF03 /* ViewController.swift */ = {isa = PBXFileReference; lastKnownFileType = sourcecode.swift; path = ViewController.swift; sourceTree = "<group>"; };
		8424E19A2820953A008FBF03 /* Base */ = {isa = PBXFileReference; lastKnownFileType = file.storyboard; name = Base; path = Base.lproj/Main.storyboard; sourceTree = "<group>"; };
		8424E19C2820953C008FBF03 /* Assets.xcassets */ = {isa = PBXFileReference; lastKnownFileType = folder.assetcatalog; path = Assets.xcassets; sourceTree = "<group>"; };
		8424E19F2820953C008FBF03 /* Base */ = {isa = PBXFileReference; lastKnownFileType = file.storyboard; name = Base; path = Base.lproj/LaunchScreen.storyboard; sourceTree = "<group>"; };
		8424E1A12820953C008FBF03 /* Info.plist */ = {isa = PBXFileReference; lastKnownFileType = text.plist.xml; path = Info.plist; sourceTree = "<group>"; };
		8424E1A62820953C008FBF03 /* ImageGalleryApplicationTests.xctest */ = {isa = PBXFileReference; explicitFileType = wrapper.cfbundle; includeInIndex = 0; path = ImageGalleryApplicationTests.xctest; sourceTree = BUILT_PRODUCTS_DIR; };
		8424E1AA2820953D008FBF03 /* ImageGalleryApplicationTests.swift */ = {isa = PBXFileReference; lastKnownFileType = sourcecode.swift; path = ImageGalleryApplicationTests.swift; sourceTree = "<group>"; };
		8424E1B02820953D008FBF03 /* ImageGalleryApplicationUITests.xctest */ = {isa = PBXFileReference; explicitFileType = wrapper.cfbundle; includeInIndex = 0; path = ImageGalleryApplicationUITests.xctest; sourceTree = BUILT_PRODUCTS_DIR; };
		8424E1B42820953D008FBF03 /* ImageGalleryApplicationUITests.swift */ = {isa = PBXFileReference; lastKnownFileType = sourcecode.swift; path = ImageGalleryApplicationUITests.swift; sourceTree = "<group>"; };
		8424E1B62820953D008FBF03 /* ImageGalleryApplicationUITestsLaunchTests.swift */ = {isa = PBXFileReference; lastKnownFileType = sourcecode.swift; path = ImageGalleryApplicationUITestsLaunchTests.swift; sourceTree = "<group>"; };
		8424E1C72820A80A008FBF03 /* ImageEntity.swift */ = {isa = PBXFileReference; lastKnownFileType = sourcecode.swift; path = ImageEntity.swift; sourceTree = "<group>"; };
		8424E1C92820A832008FBF03 /* ImageDetail.swift */ = {isa = PBXFileReference; lastKnownFileType = sourcecode.swift; path = ImageDetail.swift; sourceTree = "<group>"; };
		8424E1CC2820AC8F008FBF03 /* NetworkManager.swift */ = {isa = PBXFileReference; lastKnownFileType = sourcecode.swift; path = NetworkManager.swift; sourceTree = "<group>"; };
		8424E1CE2820ACF8008FBF03 /* APIURLs.swift */ = {isa = PBXFileReference; lastKnownFileType = sourcecode.swift; path = APIURLs.swift; sourceTree = "<group>"; };
		8424E1D02820AD1E008FBF03 /* Request.swift */ = {isa = PBXFileReference; lastKnownFileType = sourcecode.swift; path = Request.swift; sourceTree = "<group>"; };
		8424E1D22820ADBA008FBF03 /* ImageDownLoaderService.swift */ = {isa = PBXFileReference; lastKnownFileType = sourcecode.swift; path = ImageDownLoaderService.swift; sourceTree = "<group>"; };
		8424E1D52820AEAD008FBF03 /* ImageSearchViewModel.swift */ = {isa = PBXFileReference; lastKnownFileType = sourcecode.swift; path = ImageSearchViewModel.swift; sourceTree = "<group>"; };
		8424E1D82820B04D008FBF03 /* MainCoordinator.swift */ = {isa = PBXFileReference; lastKnownFileType = sourcecode.swift; path = MainCoordinator.swift; sourceTree = "<group>"; };
/* End PBXFileReference section */

/* Begin PBXFrameworksBuildPhase section */
		8424E18D2820953A008FBF03 /* Frameworks */ = {
			isa = PBXFrameworksBuildPhase;
			buildActionMask = 2147483647;
			files = (
			);
			runOnlyForDeploymentPostprocessing = 0;
		};
		8424E1A32820953C008FBF03 /* Frameworks */ = {
			isa = PBXFrameworksBuildPhase;
			buildActionMask = 2147483647;
			files = (
			);
			runOnlyForDeploymentPostprocessing = 0;
		};
		8424E1AD2820953D008FBF03 /* Frameworks */ = {
			isa = PBXFrameworksBuildPhase;
			buildActionMask = 2147483647;
			files = (
			);
			runOnlyForDeploymentPostprocessing = 0;
		};
/* End PBXFrameworksBuildPhase section */

/* Begin PBXGroup section */
		8424E1872820953A008FBF03 = {
			isa = PBXGroup;
			children = (
				8424E1922820953A008FBF03 /* ImageGalleryApplication */,
				8424E1A92820953C008FBF03 /* ImageGalleryApplicationTests */,
				8424E1B32820953D008FBF03 /* ImageGalleryApplicationUITests */,
				8424E1912820953A008FBF03 /* Products */,
			);
			sourceTree = "<group>";
		};
		8424E1912820953A008FBF03 /* Products */ = {
			isa = PBXGroup;
			children = (
				8424E1902820953A008FBF03 /* ImageGalleryApplication.app */,
				8424E1A62820953C008FBF03 /* ImageGalleryApplicationTests.xctest */,
				8424E1B02820953D008FBF03 /* ImageGalleryApplicationUITests.xctest */,
			);
			name = Products;
			sourceTree = "<group>";
		};
		8424E1922820953A008FBF03 /* ImageGalleryApplication */ = {
			isa = PBXGroup;
			children = (
				8424E1D72820B036008FBF03 /* Coordinator */,
				8424E1D42820AE89008FBF03 /* ViewModel */,
				8424E1CB2820AC39008FBF03 /* Service */,
				8424E1C42820A741008FBF03 /* Model */,
				8424E1932820953A008FBF03 /* AppDelegate.swift */,
				8424E1952820953A008FBF03 /* SceneDelegate.swift */,
				8424E1972820953A008FBF03 /* ViewController.swift */,
				8424E1992820953A008FBF03 /* Main.storyboard */,
				8424E19C2820953C008FBF03 /* Assets.xcassets */,
				8424E19E2820953C008FBF03 /* LaunchScreen.storyboard */,
				8424E1A12820953C008FBF03 /* Info.plist */,
			);
			path = ImageGalleryApplication;
			sourceTree = "<group>";
		};
		8424E1A92820953C008FBF03 /* ImageGalleryApplicationTests */ = {
			isa = PBXGroup;
			children = (
				8424E1AA2820953D008FBF03 /* ImageGalleryApplicationTests.swift */,
			);
			path = ImageGalleryApplicationTests;
			sourceTree = "<group>";
		};
		8424E1B32820953D008FBF03 /* ImageGalleryApplicationUITests */ = {
			isa = PBXGroup;
			children = (
				8424E1B42820953D008FBF03 /* ImageGalleryApplicationUITests.swift */,
				8424E1B62820953D008FBF03 /* ImageGalleryApplicationUITestsLaunchTests.swift */,
			);
			path = ImageGalleryApplicationUITests;
			sourceTree = "<group>";
		};
		8424E1C42820A741008FBF03 /* Model */ = {
			isa = PBXGroup;
			children = (
				8424E1C72820A80A008FBF03 /* ImageEntity.swift */,
				8424E1C92820A832008FBF03 /* ImageDetail.swift */,
			);
			path = Model;
			sourceTree = "<group>";
		};
		8424E1CB2820AC39008FBF03 /* Service */ = {
			isa = PBXGroup;
			children = (
				8424E1CC2820AC8F008FBF03 /* NetworkManager.swift */,
				8424E1CE2820ACF8008FBF03 /* APIURLs.swift */,
				8424E1D02820AD1E008FBF03 /* Request.swift */,
				8424E1D22820ADBA008FBF03 /* ImageDownLoaderService.swift */,
			);
			path = Service;
			sourceTree = "<group>";
		};
		8424E1D42820AE89008FBF03 /* ViewModel */ = {
			isa = PBXGroup;
			children = (
				8424E1D52820AEAD008FBF03 /* ImageSearchViewModel.swift */,
			);
			path = ViewModel;
			sourceTree = "<group>";
		};
		8424E1D72820B036008FBF03 /* Coordinator */ = {
			isa = PBXGroup;
			children = (
				8424E1D82820B04D008FBF03 /* MainCoordinator.swift */,
			);
			path = Coordinator;
			sourceTree = "<group>";
		};
/* End PBXGroup section */

/* Begin PBXNativeTarget section */
		8424E18F2820953A008FBF03 /* ImageGalleryApplication */ = {
			isa = PBXNativeTarget;
			buildConfigurationList = 8424E1BA2820953D008FBF03 /* Build configuration list for PBXNativeTarget "ImageGalleryApplication" */;
			buildPhases = (
				8424E18C2820953A008FBF03 /* Sources */,
				8424E18D2820953A008FBF03 /* Frameworks */,
				8424E18E2820953A008FBF03 /* Resources */,
			);
			buildRules = (
			);
			dependencies = (
			);
			name = ImageGalleryApplication;
			productName = ImageGalleryApplication;
			productReference = 8424E1902820953A008FBF03 /* ImageGalleryApplication.app */;
			productType = "com.apple.product-type.application";
		};
		8424E1A52820953C008FBF03 /* ImageGalleryApplicationTests */ = {
			isa = PBXNativeTarget;
			buildConfigurationList = 8424E1BD2820953D008FBF03 /* Build configuration list for PBXNativeTarget "ImageGalleryApplicationTests" */;
			buildPhases = (
				8424E1A22820953C008FBF03 /* Sources */,
				8424E1A32820953C008FBF03 /* Frameworks */,
				8424E1A42820953C008FBF03 /* Resources */,
			);
			buildRules = (
			);
			dependencies = (
				8424E1A82820953C008FBF03 /* PBXTargetDependency */,
			);
			name = ImageGalleryApplicationTests;
			productName = ImageGalleryApplicationTests;
			productReference = 8424E1A62820953C008FBF03 /* ImageGalleryApplicationTests.xctest */;
			productType = "com.apple.product-type.bundle.unit-test";
		};
		8424E1AF2820953D008FBF03 /* ImageGalleryApplicationUITests */ = {
			isa = PBXNativeTarget;
			buildConfigurationList = 8424E1C02820953D008FBF03 /* Build configuration list for PBXNativeTarget "ImageGalleryApplicationUITests" */;
			buildPhases = (
				8424E1AC2820953D008FBF03 /* Sources */,
				8424E1AD2820953D008FBF03 /* Frameworks */,
				8424E1AE2820953D008FBF03 /* Resources */,
			);
			buildRules = (
			);
			dependencies = (
				8424E1B22820953D008FBF03 /* PBXTargetDependency */,
			);
			name = ImageGalleryApplicationUITests;
			productName = ImageGalleryApplicationUITests;
			productReference = 8424E1B02820953D008FBF03 /* ImageGalleryApplicationUITests.xctest */;
			productType = "com.apple.product-type.bundle.ui-testing";
		};
/* End PBXNativeTarget section */

/* Begin PBXProject section */
		8424E1882820953A008FBF03 /* Project object */ = {
			isa = PBXProject;
			attributes = {
				BuildIndependentTargetsInParallel = 1;
				LastSwiftUpdateCheck = 1330;
				LastUpgradeCheck = 1330;
				TargetAttributes = {
					8424E18F2820953A008FBF03 = {
						CreatedOnToolsVersion = 13.3;
					};
					8424E1A52820953C008FBF03 = {
						CreatedOnToolsVersion = 13.3;
						TestTargetID = 8424E18F2820953A008FBF03;
					};
					8424E1AF2820953D008FBF03 = {
						CreatedOnToolsVersion = 13.3;
						TestTargetID = 8424E18F2820953A008FBF03;
					};
				};
			};
			buildConfigurationList = 8424E18B2820953A008FBF03 /* Build configuration list for PBXProject "ImageGalleryApplication" */;
			compatibilityVersion = "Xcode 13.0";
			developmentRegion = en;
			hasScannedForEncodings = 0;
			knownRegions = (
				en,
				Base,
			);
			mainGroup = 8424E1872820953A008FBF03;
			productRefGroup = 8424E1912820953A008FBF03 /* Products */;
			projectDirPath = "";
			projectRoot = "";
			targets = (
				8424E18F2820953A008FBF03 /* ImageGalleryApplication */,
				8424E1A52820953C008FBF03 /* ImageGalleryApplicationTests */,
				8424E1AF2820953D008FBF03 /* ImageGalleryApplicationUITests */,
			);
		};
/* End PBXProject section */

/* Begin PBXResourcesBuildPhase section */
		8424E18E2820953A008FBF03 /* Resources */ = {
			isa = PBXResourcesBuildPhase;
			buildActionMask = 2147483647;
			files = (
				8424E1A02820953C008FBF03 /* LaunchScreen.storyboard in Resources */,
				8424E19D2820953C008FBF03 /* Assets.xcassets in Resources */,
				8424E19B2820953A008FBF03 /* Main.storyboard in Resources */,
			);
			runOnlyForDeploymentPostprocessing = 0;
		};
		8424E1A42820953C008FBF03 /* Resources */ = {
			isa = PBXResourcesBuildPhase;
			buildActionMask = 2147483647;
			files = (
			);
			runOnlyForDeploymentPostprocessing = 0;
		};
		8424E1AE2820953D008FBF03 /* Resources */ = {
			isa = PBXResourcesBuildPhase;
			buildActionMask = 2147483647;
			files = (
			);
			runOnlyForDeploymentPostprocessing = 0;
		};
/* End PBXResourcesBuildPhase section */

/* Begin PBXSourcesBuildPhase section */
		8424E18C2820953A008FBF03 /* Sources */ = {
			isa = PBXSourcesBuildPhase;
			buildActionMask = 2147483647;
			files = (
				8424E1CD2820AC8F008FBF03 /* NetworkManager.swift in Sources */,
				8424E1D32820ADBA008FBF03 /* ImageDownLoaderService.swift in Sources */,
				8424E1D12820AD1E008FBF03 /* Request.swift in Sources */,
				8424E1C82820A80A008FBF03 /* ImageEntity.swift in Sources */,
				8424E1D62820AEAD008FBF03 /* ImageSearchViewModel.swift in Sources */,
				8424E1D92820B04D008FBF03 /* MainCoordinator.swift in Sources */,
				8424E1982820953A008FBF03 /* ViewController.swift in Sources */,
				8424E1942820953A008FBF03 /* AppDelegate.swift in Sources */,
				8424E1CF2820ACF8008FBF03 /* APIURLs.swift in Sources */,
				8424E1962820953A008FBF03 /* SceneDelegate.swift in Sources */,
				8424E1CA2820A832008FBF03 /* ImageDetail.swift in Sources */,
			);
			runOnlyForDeploymentPostprocessing = 0;
		};
		8424E1A22820953C008FBF03 /* Sources */ = {
			isa = PBXSourcesBuildPhase;
			buildActionMask = 2147483647;
			files = (
				8424E1AB2820953D008FBF03 /* ImageGalleryApplicationTests.swift in Sources */,
			);
			runOnlyForDeploymentPostprocessing = 0;
		};
		8424E1AC2820953D008FBF03 /* Sources */ = {
			isa = PBXSourcesBuildPhase;
			buildActionMask = 2147483647;
			files = (
				8424E1B72820953D008FBF03 /* ImageGalleryApplicationUITestsLaunchTests.swift in Sources */,
				8424E1B52820953D008FBF03 /* ImageGalleryApplicationUITests.swift in Sources */,
			);
			runOnlyForDeploymentPostprocessing = 0;
		};
/* End PBXSourcesBuildPhase section */

/* Begin PBXTargetDependency section */
		8424E1A82820953C008FBF03 /* PBXTargetDependency */ = {
			isa = PBXTargetDependency;
			target = 8424E18F2820953A008FBF03 /* ImageGalleryApplication */;
			targetProxy = 8424E1A72820953C008FBF03 /* PBXContainerItemProxy */;
		};
		8424E1B22820953D008FBF03 /* PBXTargetDependency */ = {
			isa = PBXTargetDependency;
			target = 8424E18F2820953A008FBF03 /* ImageGalleryApplication */;
			targetProxy = 8424E1B12820953D008FBF03 /* PBXContainerItemProxy */;
		};
/* End PBXTargetDependency section */

/* Begin PBXVariantGroup section */
		8424E1992820953A008FBF03 /* Main.storyboard */ = {
			isa = PBXVariantGroup;
			children = (
				8424E19A2820953A008FBF03 /* Base */,
			);
			name = Main.storyboard;
			sourceTree = "<group>";
		};
		8424E19E2820953C008FBF03 /* LaunchScreen.storyboard */ = {
			isa = PBXVariantGroup;
			children = (
				8424E19F2820953C008FBF03 /* Base */,
			);
			name = LaunchScreen.storyboard;
			sourceTree = "<group>";
		};
/* End PBXVariantGroup section */

/* Begin XCBuildConfiguration section */
		8424E1B82820953D008FBF03 /* Debug */ = {
			isa = XCBuildConfiguration;
			buildSettings = {
				ALWAYS_SEARCH_USER_PATHS = NO;
				CLANG_ANALYZER_NONNULL = YES;
				CLANG_ANALYZER_NUMBER_OBJECT_CONVERSION = YES_AGGRESSIVE;
				CLANG_CXX_LANGUAGE_STANDARD = "gnu++17";
				CLANG_ENABLE_MODULES = YES;
				CLANG_ENABLE_OBJC_ARC = YES;
				CLANG_ENABLE_OBJC_WEAK = YES;
				CLANG_WARN_BLOCK_CAPTURE_AUTORELEASING = YES;
				CLANG_WARN_BOOL_CONVERSION = YES;
				CLANG_WARN_COMMA = YES;
				CLANG_WARN_CONSTANT_CONVERSION = YES;
				CLANG_WARN_DEPRECATED_OBJC_IMPLEMENTATIONS = YES;
				CLANG_WARN_DIRECT_OBJC_ISA_USAGE = YES_ERROR;
				CLANG_WARN_DOCUMENTATION_COMMENTS = YES;
				CLANG_WARN_EMPTY_BODY = YES;
				CLANG_WARN_ENUM_CONVERSION = YES;
				CLANG_WARN_INFINITE_RECURSION = YES;
				CLANG_WARN_INT_CONVERSION = YES;
				CLANG_WARN_NON_LITERAL_NULL_CONVERSION = YES;
				CLANG_WARN_OBJC_IMPLICIT_RETAIN_SELF = YES;
				CLANG_WARN_OBJC_LITERAL_CONVERSION = YES;
				CLANG_WARN_OBJC_ROOT_CLASS = YES_ERROR;
				CLANG_WARN_QUOTED_INCLUDE_IN_FRAMEWORK_HEADER = YES;
				CLANG_WARN_RANGE_LOOP_ANALYSIS = YES;
				CLANG_WARN_STRICT_PROTOTYPES = YES;
				CLANG_WARN_SUSPICIOUS_MOVE = YES;
				CLANG_WARN_UNGUARDED_AVAILABILITY = YES_AGGRESSIVE;
				CLANG_WARN_UNREACHABLE_CODE = YES;
				CLANG_WARN__DUPLICATE_METHOD_MATCH = YES;
				COPY_PHASE_STRIP = NO;
				DEBUG_INFORMATION_FORMAT = dwarf;
				ENABLE_STRICT_OBJC_MSGSEND = YES;
				ENABLE_TESTABILITY = YES;
				GCC_C_LANGUAGE_STANDARD = gnu11;
				GCC_DYNAMIC_NO_PIC = NO;
				GCC_NO_COMMON_BLOCKS = YES;
				GCC_OPTIMIZATION_LEVEL = 0;
				GCC_PREPROCESSOR_DEFINITIONS = (
					"DEBUG=1",
					"$(inherited)",
				);
				GCC_WARN_64_TO_32_BIT_CONVERSION = YES;
				GCC_WARN_ABOUT_RETURN_TYPE = YES_ERROR;
				GCC_WARN_UNDECLARED_SELECTOR = YES;
				GCC_WARN_UNINITIALIZED_AUTOS = YES_AGGRESSIVE;
				GCC_WARN_UNUSED_FUNCTION = YES;
				GCC_WARN_UNUSED_VARIABLE = YES;
				IPHONEOS_DEPLOYMENT_TARGET = 15.4;
				MTL_ENABLE_DEBUG_INFO = INCLUDE_SOURCE;
				MTL_FAST_MATH = YES;
				ONLY_ACTIVE_ARCH = YES;
				SDKROOT = iphoneos;
				SWIFT_ACTIVE_COMPILATION_CONDITIONS = DEBUG;
				SWIFT_OPTIMIZATION_LEVEL = "-Onone";
			};
			name = Debug;
		};
		8424E1B92820953D008FBF03 /* Release */ = {
			isa = XCBuildConfiguration;
			buildSettings = {
				ALWAYS_SEARCH_USER_PATHS = NO;
				CLANG_ANALYZER_NONNULL = YES;
				CLANG_ANALYZER_NUMBER_OBJECT_CONVERSION = YES_AGGRESSIVE;
				CLANG_CXX_LANGUAGE_STANDARD = "gnu++17";
				CLANG_ENABLE_MODULES = YES;
				CLANG_ENABLE_OBJC_ARC = YES;
				CLANG_ENABLE_OBJC_WEAK = YES;
				CLANG_WARN_BLOCK_CAPTURE_AUTORELEASING = YES;
				CLANG_WARN_BOOL_CONVERSION = YES;
				CLANG_WARN_COMMA = YES;
				CLANG_WARN_CONSTANT_CONVERSION = YES;
				CLANG_WARN_DEPRECATED_OBJC_IMPLEMENTATIONS = YES;
				CLANG_WARN_DIRECT_OBJC_ISA_USAGE = YES_ERROR;
				CLANG_WARN_DOCUMENTATION_COMMENTS = YES;
				CLANG_WARN_EMPTY_BODY = YES;
				CLANG_WARN_ENUM_CONVERSION = YES;
				CLANG_WARN_INFINITE_RECURSION = YES;
				CLANG_WARN_INT_CONVERSION = YES;
				CLANG_WARN_NON_LITERAL_NULL_CONVERSION = YES;
				CLANG_WARN_OBJC_IMPLICIT_RETAIN_SELF = YES;
				CLANG_WARN_OBJC_LITERAL_CONVERSION = YES;
				CLANG_WARN_OBJC_ROOT_CLASS = YES_ERROR;
				CLANG_WARN_QUOTED_INCLUDE_IN_FRAMEWORK_HEADER = YES;
				CLANG_WARN_RANGE_LOOP_ANALYSIS = YES;
				CLANG_WARN_STRICT_PROTOTYPES = YES;
				CLANG_WARN_SUSPICIOUS_MOVE = YES;
				CLANG_WARN_UNGUARDED_AVAILABILITY = YES_AGGRESSIVE;
				CLANG_WARN_UNREACHABLE_CODE = YES;
				CLANG_WARN__DUPLICATE_METHOD_MATCH = YES;
				COPY_PHASE_STRIP = NO;
				DEBUG_INFORMATION_FORMAT = "dwarf-with-dsym";
				ENABLE_NS_ASSERTIONS = NO;
				ENABLE_STRICT_OBJC_MSGSEND = YES;
				GCC_C_LANGUAGE_STANDARD = gnu11;
				GCC_NO_COMMON_BLOCKS = YES;
				GCC_WARN_64_TO_32_BIT_CONVERSION = YES;
				GCC_WARN_ABOUT_RETURN_TYPE = YES_ERROR;
				GCC_WARN_UNDECLARED_SELECTOR = YES;
				GCC_WARN_UNINITIALIZED_AUTOS = YES_AGGRESSIVE;
				GCC_WARN_UNUSED_FUNCTION = YES;
				GCC_WARN_UNUSED_VARIABLE = YES;
				IPHONEOS_DEPLOYMENT_TARGET = 15.4;
				MTL_ENABLE_DEBUG_INFO = NO;
				MTL_FAST_MATH = YES;
				SDKROOT = iphoneos;
				SWIFT_COMPILATION_MODE = wholemodule;
				SWIFT_OPTIMIZATION_LEVEL = "-O";
				VALIDATE_PRODUCT = YES;
			};
			name = Release;
		};
		8424E1BB2820953D008FBF03 /* Debug */ = {
			isa = XCBuildConfiguration;
			buildSettings = {
				ASSETCATALOG_COMPILER_APPICON_NAME = AppIcon;
				ASSETCATALOG_COMPILER_GLOBAL_ACCENT_COLOR_NAME = AccentColor;
				CODE_SIGN_STYLE = Automatic;
				CURRENT_PROJECT_VERSION = 1;
				GENERATE_INFOPLIST_FILE = YES;
				INFOPLIST_FILE = ImageGalleryApplication/Info.plist;
				INFOPLIST_KEY_UIApplicationSupportsIndirectInputEvents = YES;
				INFOPLIST_KEY_UILaunchStoryboardName = LaunchScreen;
				INFOPLIST_KEY_UIMainStoryboardFile = Main;
				INFOPLIST_KEY_UISupportedInterfaceOrientations_iPad = "UIInterfaceOrientationPortrait UIInterfaceOrientationPortraitUpsideDown UIInterfaceOrientationLandscapeLeft UIInterfaceOrientationLandscapeRight";
				INFOPLIST_KEY_UISupportedInterfaceOrientations_iPhone = "UIInterfaceOrientationPortrait UIInterfaceOrientationLandscapeLeft UIInterfaceOrientationLandscapeRight";
				LD_RUNPATH_SEARCH_PATHS = (
					"$(inherited)",
					"@executable_path/Frameworks",
				);
				MARKETING_VERSION = 1.0;
				PRODUCT_BUNDLE_IDENTIFIER = "com.-ImageGalleryApplication.mac.ImageGalleryApplication";
				PRODUCT_NAME = "$(TARGET_NAME)";
				SWIFT_EMIT_LOC_STRINGS = YES;
				SWIFT_VERSION = 5.0;
				TARGETED_DEVICE_FAMILY = "1,2";
			};
			name = Debug;
		};
		8424E1BC2820953D008FBF03 /* Release */ = {
			isa = XCBuildConfiguration;
			buildSettings = {
				ASSETCATALOG_COMPILER_APPICON_NAME = AppIcon;
				ASSETCATALOG_COMPILER_GLOBAL_ACCENT_COLOR_NAME = AccentColor;
				CODE_SIGN_STYLE = Automatic;
				CURRENT_PROJECT_VERSION = 1;
				GENERATE_INFOPLIST_FILE = YES;
				INFOPLIST_FILE = ImageGalleryApplication/Info.plist;
				INFOPLIST_KEY_UIApplicationSupportsIndirectInputEvents = YES;
				INFOPLIST_KEY_UILaunchStoryboardName = LaunchScreen;
				INFOPLIST_KEY_UIMainStoryboardFile = Main;
				INFOPLIST_KEY_UISupportedInterfaceOrientations_iPad = "UIInterfaceOrientationPortrait UIInterfaceOrientationPortraitUpsideDown UIInterfaceOrientationLandscapeLeft UIInterfaceOrientationLandscapeRight";
				INFOPLIST_KEY_UISupportedInterfaceOrientations_iPhone = "UIInterfaceOrientationPortrait UIInterfaceOrientationLandscapeLeft UIInterfaceOrientationLandscapeRight";
				LD_RUNPATH_SEARCH_PATHS = (
					"$(inherited)",
					"@executable_path/Frameworks",
				);
				MARKETING_VERSION = 1.0;
				PRODUCT_BUNDLE_IDENTIFIER = "com.-ImageGalleryApplication.mac.ImageGalleryApplication";
				PRODUCT_NAME = "$(TARGET_NAME)";
				SWIFT_EMIT_LOC_STRINGS = YES;
				SWIFT_VERSION = 5.0;
				TARGETED_DEVICE_FAMILY = "1,2";
			};
			name = Release;
		};
		8424E1BE2820953D008FBF03 /* Debug */ = {
			isa = XCBuildConfiguration;
			buildSettings = {
				ALWAYS_EMBED_SWIFT_STANDARD_LIBRARIES = YES;
				BUNDLE_LOADER = "$(TEST_HOST)";
				CODE_SIGN_STYLE = Automatic;
				CURRENT_PROJECT_VERSION = 1;
				GENERATE_INFOPLIST_FILE = YES;
				IPHONEOS_DEPLOYMENT_TARGET = 15.4;
				MARKETING_VERSION = 1.0;
				PRODUCT_BUNDLE_IDENTIFIER = "com.-ImageGalleryApplication.mac.ImageGalleryApplicationTests";
				PRODUCT_NAME = "$(TARGET_NAME)";
				SWIFT_EMIT_LOC_STRINGS = NO;
				SWIFT_VERSION = 5.0;
				TARGETED_DEVICE_FAMILY = "1,2";
				TEST_HOST = "$(BUILT_PRODUCTS_DIR)/ImageGalleryApplication.app/ImageGalleryApplication";
			};
			name = Debug;
		};
		8424E1BF2820953D008FBF03 /* Release */ = {
			isa = XCBuildConfiguration;
			buildSettings = {
				ALWAYS_EMBED_SWIFT_STANDARD_LIBRARIES = YES;
				BUNDLE_LOADER = "$(TEST_HOST)";
				CODE_SIGN_STYLE = Automatic;
				CURRENT_PROJECT_VERSION = 1;
				GENERATE_INFOPLIST_FILE = YES;
				IPHONEOS_DEPLOYMENT_TARGET = 15.4;
				MARKETING_VERSION = 1.0;
				PRODUCT_BUNDLE_IDENTIFIER = "com.-ImageGalleryApplication.mac.ImageGalleryApplicationTests";
				PRODUCT_NAME = "$(TARGET_NAME)";
				SWIFT_EMIT_LOC_STRINGS = NO;
				SWIFT_VERSION = 5.0;
				TARGETED_DEVICE_FAMILY = "1,2";
				TEST_HOST = "$(BUILT_PRODUCTS_DIR)/ImageGalleryApplication.app/ImageGalleryApplication";
			};
			name = Release;
		};
		8424E1C12820953D008FBF03 /* Debug */ = {
			isa = XCBuildConfiguration;
			buildSettings = {
				ALWAYS_EMBED_SWIFT_STANDARD_LIBRARIES = YES;
				CODE_SIGN_STYLE = Automatic;
				CURRENT_PROJECT_VERSION = 1;
				GENERATE_INFOPLIST_FILE = YES;
				MARKETING_VERSION = 1.0;
				PRODUCT_BUNDLE_IDENTIFIER = "com.-ImageGalleryApplication.mac.ImageGalleryApplicationUITests";
				PRODUCT_NAME = "$(TARGET_NAME)";
				SWIFT_EMIT_LOC_STRINGS = NO;
				SWIFT_VERSION = 5.0;
				TARGETED_DEVICE_FAMILY = "1,2";
				TEST_TARGET_NAME = ImageGalleryApplication;
			};
			name = Debug;
		};
		8424E1C22820953D008FBF03 /* Release */ = {
			isa = XCBuildConfiguration;
			buildSettings = {
				ALWAYS_EMBED_SWIFT_STANDARD_LIBRARIES = YES;
				CODE_SIGN_STYLE = Automatic;
				CURRENT_PROJECT_VERSION = 1;
				GENERATE_INFOPLIST_FILE = YES;
				MARKETING_VERSION = 1.0;
				PRODUCT_BUNDLE_IDENTIFIER = "com.-ImageGalleryApplication.mac.ImageGalleryApplicationUITests";
				PRODUCT_NAME = "$(TARGET_NAME)";
				SWIFT_EMIT_LOC_STRINGS = NO;
				SWIFT_VERSION = 5.0;
				TARGETED_DEVICE_FAMILY = "1,2";
				TEST_TARGET_NAME = ImageGalleryApplication;
			};
			name = Release;
		};
/* End XCBuildConfiguration section */

/* Begin XCConfigurationList section */
		8424E18B2820953A008FBF03 /* Build configuration list for PBXProject "ImageGalleryApplication" */ = {
			isa = XCConfigurationList;
			buildConfigurations = (
				8424E1B82820953D008FBF03 /* Debug */,
				8424E1B92820953D008FBF03 /* Release */,
			);
			defaultConfigurationIsVisible = 0;
			defaultConfigurationName = Release;
		};
		8424E1BA2820953D008FBF03 /* Build configuration list for PBXNativeTarget "ImageGalleryApplication" */ = {
			isa = XCConfigurationList;
			buildConfigurations = (
				8424E1BB2820953D008FBF03 /* Debug */,
				8424E1BC2820953D008FBF03 /* Release */,
			);
			defaultConfigurationIsVisible = 0;
			defaultConfigurationName = Release;
		};
		8424E1BD2820953D008FBF03 /* Build configuration list for PBXNativeTarget "ImageGalleryApplicationTests" */ = {
			isa = XCConfigurationList;
			buildConfigurations = (
				8424E1BE2820953D008FBF03 /* Debug */,
				8424E1BF2820953D008FBF03 /* Release */,
			);
			defaultConfigurationIsVisible = 0;
			defaultConfigurationName = Release;
		};
		8424E1C02820953D008FBF03 /* Build configuration list for PBXNativeTarget "ImageGalleryApplicationUITests" */ = {
			isa = XCConfigurationList;
			buildConfigurations = (
				8424E1C12820953D008FBF03 /* Debug */,
				8424E1C22820953D008FBF03 /* Release */,
			);
			defaultConfigurationIsVisible = 0;
			defaultConfigurationName = Release;
		};
/* End XCConfigurationList section */
	};
	rootObject = 8424E1882820953A008FBF03 /* Project object */;
}
